d6c9c0f7c7d952d3400865c4a6d8e7a3a5678aecf09836e2d031630a82b2e136  lib/alloc.cyr
69e92cc4b67f1a936f94c92ce8a4c66673758b84dba385e96fbeaa46fa692b4c  lib/alloc_agnos.cyr
62b090ca59dabcb9efc98677f495e04edf63a018105ccd0ac76f992e187cf4e6  lib/alloc_cx.cyr
205476315da00b96360a2114df2422a9b7bcbd36f6e9a5042a094455123a543e  lib/alloc_macos.cyr
2f27fed1b4711ae19dc24389aefd50016b5b0e32376f32e8b560f40f5f32d712  lib/alloc_windows.cyr
14bb49249285e0549e21577bbbf330e302d8423668ad2be2ae73c91463c616f3  lib/args_agnos.cyr
99f96283da419ad9f01d076269411c3d5214b6007a92d1bbe2356ab906a5d1a1  lib/args_macos.cyr
9583b938d791d35e24c3ca45c44e199a4e58197fbe6b3f32c3d9676908d69d9c  lib/assert.cyr
2485128eae67f4b1f3716ec3d101d8317801f77126344919e7a4d24b80eb6761  lib/atomic.cyr
31fbcb484467615fe52619e2f66eba3d37092fee85862131231ecdb1f4ee95e3  lib/fmt.cyr
2f9d210e9280506f280bbd10a7b26b76c7990360a97fb7701f348bfe76fbb291  lib/fnptr.cyr
194858b80a3a40c216a7879eb07652f1b91725cdf695ec7dbd4b206fc927e2b9  lib/io.cyr
52d8879572df7a9ab0c5d1b97eb1f41799b06e684c01876d8023f04a4c63ee0d  lib/poison.cyr
66f2a7e4a5523da13da19c94d5d6d5ac14635fbba10c3bc4f950241a3b26cd10  lib/result.cyr
150cc3163918a44eadb56fd097cdb09b867d157acdc05427c04e317f6facd7c9  lib/str.cyr
f963c13ec3945a54d7a6c626e75b9f02d2053c60deb4fa987d7fd1fff97b1723  lib/string.cyr
2d68982c31a40f4b9695d484fd52aa20f6e0a7e33d9f0a90d39e1239c2dc35cf  lib/syscalls.cyr
c120f895c1b68028aab3365e4d369eb5754781d5a4bd044211c8e5394aef587c  lib/syscalls_aarch64_linux.cyr
7f94a297c241b505d99971542b0fbe034b7947b6184e2a8bae28afc01474084b  lib/syscalls_linux_common.cyr
72ff29f286de8edca7adc9f7d6a51ffcd52e53b4d91229f6327d910a99f1c1d2  lib/syscalls_macos.cyr
a37c0447d4fd82f966138ec1da277a3d909a6c222644a22c0175cf3ea4c74b29  lib/syscalls_windows.cyr
6dc5f0949b1a44d6f07f843554a7c42d18fc7c5f3c5ef4b6b8538b74a2223450  lib/syscalls_x86_64_agnos.cyr
fdc56202b9b968c26083ff66bcc9a0accd0c2176fdf4f7ba626a3c7d300d3415  lib/syscalls_x86_64_linux.cyr
8e45d3b594e31609051e958acac2f84cc102e0cd2264b0cbfdeaae8aaffda557  lib/unicode/_casefold_data.cyr
490ce31f13069637ada2eec85c16f1e5ef942160892f32c07b572286fa4f9912  lib/unicode/_categories_data.cyr
aeeba5627b78ffca6a34ebcbe318f50726a87d4f19713bf9ed070bbbec7ded74  lib/unicode/_decode.cyr
137fac081ec373522a0d22aa702494b45505cb7d5a9b606f4b47549a5e9d299d  lib/unicode/_normalize_data.cyr
224acfc288e499dd9d14f37cfb4f09a6db23a91cbc7d840083cc25f4ba40c9aa  lib/unicode/casefold.cyr
1091c0970c74fd47f63503b5dfbe0098a1b87048a8d43cc17cf51153839b2afe  lib/unicode/categories.cyr
a94f8ae2dd3b467ba578d52f0843d2bd2d29f0d15b7f1c383c48f20b0eeb762a  lib/unicode/normalize.cyr
fa7a04f961c15fa76dac4ce799830f0a71a720d27da25867f4ca68e7ea21880a  lib/vec.cyr
cyrius	6.7.5
